
Microsoft Visual Studio Solution File, Format Version 12.00
# Visual Studio 2012
Project("{FAE04EC0-301F-11D3-BF4B-00C04F79EFBC}") = "DeadLockTest", "LockTest\DeadLockTest.csproj", "{F1C8639B-7049-42BF-A983-F4091D3AEB79}"
EndProject
Global
	GlobalSection(SolutionConfigurationPlatforms) = preSolution
		Debug|iPhoneSimulator = Debug|iPhoneSimulator
		Release|iPhone = Release|iPhone
		Release|iPhoneSimulator = Release|iPhoneSimulator
		Debug|iPhone = Debug|iPhone
	EndGlobalSection
	GlobalSection(ProjectConfigurationPlatforms) = postSolution
		{F1C8639B-7049-42BF-A983-F4091D3AEB79}.Debug|iPhone.ActiveCfg = Debug|iPhone
		{F1C8639B-7049-42BF-A983-F4091D3AEB79}.Debug|iPhone.Build.0 = Debug|iPhone
		{F1C8639B-7049-42BF-A983-F4091D3AEB79}.Debug|iPhoneSimulator.ActiveCfg = Debug|iPhoneSimulator
		{F1C8639B-7049-42BF-A983-F4091D3AEB79}.Debug|iPhoneSimulator.Build.0 = Debug|iPhoneSimulator
		{F1C8639B-7049-42BF-A983-F4091D3AEB79}.Release|iPhone.ActiveCfg = Release|iPhone
		{F1C8639B-7049-42BF-A983-F4091D3AEB79}.Release|iPhone.Build.0 = Release|iPhone
		{F1C8639B-7049-42BF-A983-F4091D3AEB79}.Release|iPhoneSimulator.ActiveCfg = Release|iPhoneSimulator
		{F1C8639B-7049-42BF-A983-F4091D3AEB79}.Release|iPhoneSimulator.Build.0 = Release|iPhoneSimulator
	EndGlobalSection
EndGlobal
